// !$*UTF8*$!
{
	archiveVersion = 1;
	classes = {
	};
	objectVersion = 56;
	objects = {

/* Begin PBXBuildFile section */
		C91AF82C2D6B77A7007503DE /* CacheManager.swift in Sources */ = {isa = PBXBuildFile; fileRef = C91AF82B2D6B77A7007503DE /* CacheManager.swift */; };
		C91AF82F2D6B81DE007503DE /* ListViewModel.swift in Sources */ = {isa = PBXBuildFile; fileRef = C91AF82E2D6B81DE007503DE /* ListViewModel.swift */; };
		C91AF8322D6B8602007503DE /* ListView.swift in Sources */ = {isa = PBXBuildFile; fileRef = C91AF8312D6B8602007503DE /* ListView.swift */; };
		C91AF8342D6B8949007503DE /* ProfessionalView.swift in Sources */ = {isa = PBXBuildFile; fileRef = C91AF8332D6B8949007503DE /* ProfessionalView.swift */; };
		C91AF8362D6B99E5007503DE /* DetailsView.swift in Sources */ = {isa = PBXBuildFile; fileRef = C91AF8352D6B99E5007503DE /* DetailsView.swift */; };
		C91AF8382D6B9A17007503DE /* DetailsViewModel.swift in Sources */ = {isa = PBXBuildFile; fileRef = C91AF8372D6B9A17007503DE /* DetailsViewModel.swift */; };
		C91AF8402D6CDC33007503DE /* Localizable.strings in Resources */ = {isa = PBXBuildFile; fileRef = C91AF83E2D6CDC33007503DE /* Localizable.strings */; };
		C91AF8442D6CDCFC007503DE /* String+Extension.swift in Sources */ = {isa = PBXBuildFile; fileRef = C91AF8432D6CDCFC007503DE /* String+Extension.swift */; };
		C91AF8462D6CDD80007503DE /* LocalizableKeys.swift in Sources */ = {isa = PBXBuildFile; fileRef = C91AF8452D6CDD80007503DE /* LocalizableKeys.swift */; };
		C91AF8492D6CE0EC007503DE /* UIConstants.swift in Sources */ = {isa = PBXBuildFile; fileRef = C91AF8482D6CE0EC007503DE /* UIConstants.swift */; };
		C91AF84B2D6CFCC9007503DE /* MockNetworkManager.swift in Sources */ = {isa = PBXBuildFile; fileRef = C91AF84A2D6CFCC9007503DE /* MockNetworkManager.swift */; };
		C91AF84D2D6CFD23007503DE /* ProfessionalListViewModelTests.swift in Sources */ = {isa = PBXBuildFile; fileRef = C91AF84C2D6CFD23007503DE /* ProfessionalListViewModelTests.swift */; };
		C91AF8502D6CFFBB007503DE /* MockProfessionals.swift in Sources */ = {isa = PBXBuildFile; fileRef = C91AF84F2D6CFFBB007503DE /* MockProfessionals.swift */; };
		C91AF8542D6D04F9007503DE /* ProfessionalDetailViewModelTests.swift in Sources */ = {isa = PBXBuildFile; fileRef = C91AF8532D6D04F9007503DE /* ProfessionalDetailViewModelTests.swift */; };
		C91AF8562D6D0665007503DE /* CacheManagerTests.swift in Sources */ = {isa = PBXBuildFile; fileRef = C91AF8552D6D0665007503DE /* CacheManagerTests.swift */; };
		C938C5D22D6A44C700557AFD /* NutritionAppointmentSearchApp.swift in Sources */ = {isa = PBXBuildFile; fileRef = C938C5D12D6A44C700557AFD /* NutritionAppointmentSearchApp.swift */; };
		C938C5D62D6A44CB00557AFD /* Assets.xcassets in Resources */ = {isa = PBXBuildFile; fileRef = C938C5D52D6A44CB00557AFD /* Assets.xcassets */; };
		C938C5D92D6A44CB00557AFD /* Preview Assets.xcassets in Resources */ = {isa = PBXBuildFile; fileRef = C938C5D82D6A44CB00557AFD /* Preview Assets.xcassets */; };
		C938C5ED2D6A44CB00557AFD /* NutritionAppointmentSearchUITests.swift in Sources */ = {isa = PBXBuildFile; fileRef = C938C5EC2D6A44CB00557AFD /* NutritionAppointmentSearchUITests.swift */; };
		C938C5EF2D6A44CB00557AFD /* NutritionAppointmentSearchUITestsLaunchTests.swift in Sources */ = {isa = PBXBuildFile; fileRef = C938C5EE2D6A44CB00557AFD /* NutritionAppointmentSearchUITestsLaunchTests.swift */; };
		C938C5FC2D6A51A500557AFD /* Professionals.swift in Sources */ = {isa = PBXBuildFile; fileRef = C938C5FB2D6A51A500557AFD /* Professionals.swift */; };
		C938C6002D6A522000557AFD /* NetworkManager.swift in Sources */ = {isa = PBXBuildFile; fileRef = C938C5FF2D6A522000557AFD /* NetworkManager.swift */; };
		C938C6032D6A527900557AFD /* Endpoint.swift in Sources */ = {isa = PBXBuildFile; fileRef = C938C6022D6A527900557AFD /* Endpoint.swift */; };
		C938C6062D6A53CB00557AFD /* NutritionError.swift in Sources */ = {isa = PBXBuildFile; fileRef = C938C6052D6A53CB00557AFD /* NutritionError.swift */; };
		C938C6082D6A55C300557AFD /* Details.swift in Sources */ = {isa = PBXBuildFile; fileRef = C938C6072D6A55C300557AFD /* Details.swift */; };
/* End PBXBuildFile section */

/* Begin PBXContainerItemProxy section */
		C938C5DF2D6A44CB00557AFD /* PBXContainerItemProxy */ = {
			isa = PBXContainerItemProxy;
			containerPortal = C938C5C62D6A44C700557AFD /* Project object */;
			proxyType = 1;
			remoteGlobalIDString = C938C5CD2D6A44C700557AFD;
			remoteInfo = NutritionAppointmentSearch;
		};
		C938C5E92D6A44CB00557AFD /* PBXContainerItemProxy */ = {
			isa = PBXContainerItemProxy;
			containerPortal = C938C5C62D6A44C700557AFD /* Project object */;
			proxyType = 1;
			remoteGlobalIDString = C938C5CD2D6A44C700557AFD;
			remoteInfo = NutritionAppointmentSearch;
		};
/* End PBXContainerItemProxy section */

/* Begin PBXFileReference section */
		C91AF82B2D6B77A7007503DE /* CacheManager.swift */ = {isa = PBXFileReference; lastKnownFileType = sourcecode.swift; path = CacheManager.swift; sourceTree = "<group>"; };
		C91AF82E2D6B81DE007503DE /* ListViewModel.swift */ = {isa = PBXFileReference; lastKnownFileType = sourcecode.swift; path = ListViewModel.swift; sourceTree = "<group>"; };
		C91AF8312D6B8602007503DE /* ListView.swift */ = {isa = PBXFileReference; lastKnownFileType = sourcecode.swift; path = ListView.swift; sourceTree = "<group>"; };
		C91AF8332D6B8949007503DE /* ProfessionalView.swift */ = {isa = PBXFileReference; lastKnownFileType = sourcecode.swift; path = ProfessionalView.swift; sourceTree = "<group>"; };
		C91AF8352D6B99E5007503DE /* DetailsView.swift */ = {isa = PBXFileReference; lastKnownFileType = sourcecode.swift; path = DetailsView.swift; sourceTree = "<group>"; };
		C91AF8372D6B9A17007503DE /* DetailsViewModel.swift */ = {isa = PBXFileReference; lastKnownFileType = sourcecode.swift; path = DetailsViewModel.swift; sourceTree = "<group>"; };
		C91AF83F2D6CDC33007503DE /* en */ = {isa = PBXFileReference; lastKnownFileType = text.plist.strings; name = en; path = en.lproj/Localizable.strings; sourceTree = "<group>"; };
		C91AF8412D6CDC84007503DE /* pt-PT */ = {isa = PBXFileReference; lastKnownFileType = text.plist.strings; name = "pt-PT"; path = "pt-PT.lproj/Localizable.strings"; sourceTree = "<group>"; };
		C91AF8432D6CDCFC007503DE /* String+Extension.swift */ = {isa = PBXFileReference; lastKnownFileType = sourcecode.swift; path = "String+Extension.swift"; sourceTree = "<group>"; };
		C91AF8452D6CDD80007503DE /* LocalizableKeys.swift */ = {isa = PBXFileReference; lastKnownFileType = sourcecode.swift; path = LocalizableKeys.swift; sourceTree = "<group>"; };
		C91AF8482D6CE0EC007503DE /* UIConstants.swift */ = {isa = PBXFileReference; lastKnownFileType = sourcecode.swift; path = UIConstants.swift; sourceTree = "<group>"; };
		C91AF84A2D6CFCC9007503DE /* MockNetworkManager.swift */ = {isa = PBXFileReference; lastKnownFileType = sourcecode.swift; path = MockNetworkManager.swift; sourceTree = "<group>"; };
		C91AF84C2D6CFD23007503DE /* ProfessionalListViewModelTests.swift */ = {isa = PBXFileReference; lastKnownFileType = sourcecode.swift; path = ProfessionalListViewModelTests.swift; sourceTree = "<group>"; };
		C91AF84F2D6CFFBB007503DE /* MockProfessionals.swift */ = {isa = PBXFileReference; lastKnownFileType = sourcecode.swift; path = MockProfessionals.swift; sourceTree = "<group>"; };
		C91AF8532D6D04F9007503DE /* ProfessionalDetailViewModelTests.swift */ = {isa = PBXFileReference; lastKnownFileType = sourcecode.swift; path = ProfessionalDetailViewModelTests.swift; sourceTree = "<group>"; };
		C91AF8552D6D0665007503DE /* CacheManagerTests.swift */ = {isa = PBXFileReference; lastKnownFileType = sourcecode.swift; path = CacheManagerTests.swift; sourceTree = "<group>"; };
		C938C5CE2D6A44C700557AFD /* NutritionAppointmentSearch.app */ = {isa = PBXFileReference; explicitFileType = wrapper.application; includeInIndex = 0; path = NutritionAppointmentSearch.app; sourceTree = BUILT_PRODUCTS_DIR; };
		C938C5D12D6A44C700557AFD /* NutritionAppointmentSearchApp.swift */ = {isa = PBXFileReference; lastKnownFileType = sourcecode.swift; path = NutritionAppointmentSearchApp.swift; sourceTree = "<group>"; };
		C938C5D52D6A44CB00557AFD /* Assets.xcassets */ = {isa = PBXFileReference; lastKnownFileType = folder.assetcatalog; path = Assets.xcassets; sourceTree = "<group>"; };
		C938C5D82D6A44CB00557AFD /* Preview Assets.xcassets */ = {isa = PBXFileReference; lastKnownFileType = folder.assetcatalog; path = "Preview Assets.xcassets"; sourceTree = "<group>"; };
		C938C5DE2D6A44CB00557AFD /* NutritionAppointmentSearchTests.xctest */ = {isa = PBXFileReference; explicitFileType = wrapper.cfbundle; includeInIndex = 0; path = NutritionAppointmentSearchTests.xctest; sourceTree = BUILT_PRODUCTS_DIR; };
		C938C5E82D6A44CB00557AFD /* NutritionAppointmentSearchUITests.xctest */ = {isa = PBXFileReference; explicitFileType = wrapper.cfbundle; includeInIndex = 0; path = NutritionAppointmentSearchUITests.xctest; sourceTree = BUILT_PRODUCTS_DIR; };
		C938C5EC2D6A44CB00557AFD /* NutritionAppointmentSearchUITests.swift */ = {isa = PBXFileReference; lastKnownFileType = sourcecode.swift; path = NutritionAppointmentSearchUITests.swift; sourceTree = "<group>"; };
		C938C5EE2D6A44CB00557AFD /* NutritionAppointmentSearchUITestsLaunchTests.swift */ = {isa = PBXFileReference; lastKnownFileType = sourcecode.swift; path = NutritionAppointmentSearchUITestsLaunchTests.swift; sourceTree = "<group>"; };
		C938C5FB2D6A51A500557AFD /* Professionals.swift */ = {isa = PBXFileReference; lastKnownFileType = sourcecode.swift; path = Professionals.swift; sourceTree = "<group>"; };
		C938C5FF2D6A522000557AFD /* NetworkManager.swift */ = {isa = PBXFileReference; lastKnownFileType = sourcecode.swift; path = NetworkManager.swift; sourceTree = "<group>"; };
		C938C6022D6A527900557AFD /* Endpoint.swift */ = {isa = PBXFileReference; lastKnownFileType = sourcecode.swift; path = Endpoint.swift; sourceTree = "<group>"; };
		C938C6052D6A53CB00557AFD /* NutritionError.swift */ = {isa = PBXFileReference; lastKnownFileType = sourcecode.swift; path = NutritionError.swift; sourceTree = "<group>"; };
		C938C6072D6A55C300557AFD /* Details.swift */ = {isa = PBXFileReference; lastKnownFileType = sourcecode.swift; path = Details.swift; sourceTree = "<group>"; };
/* End PBXFileReference section */

/* Begin PBXFrameworksBuildPhase section */
		C938C5CB2D6A44C700557AFD /* Frameworks */ = {
			isa = PBXFrameworksBuildPhase;
			buildActionMask = 2147483647;
			files = (
			);
			runOnlyForDeploymentPostprocessing = 0;
		};
		C938C5DB2D6A44CB00557AFD /* Frameworks */ = {
			isa = PBXFrameworksBuildPhase;
			buildActionMask = 2147483647;
			files = (
			);
			runOnlyForDeploymentPostprocessing = 0;
		};
		C938C5E52D6A44CB00557AFD /* Frameworks */ = {
			isa = PBXFrameworksBuildPhase;
			buildActionMask = 2147483647;
			files = (
			);
			runOnlyForDeploymentPostprocessing = 0;
		};
/* End PBXFrameworksBuildPhase section */

/* Begin PBXGroup section */
		C91AF82A2D6B7797007503DE /* Cache */ = {
			isa = PBXGroup;
			children = (
				C91AF82B2D6B77A7007503DE /* CacheManager.swift */,
			);
			path = Cache;
			sourceTree = "<group>";
		};
		C91AF82D2D6B81C9007503DE /* ViewModel */ = {
			isa = PBXGroup;
			children = (
				C91AF82E2D6B81DE007503DE /* ListViewModel.swift */,
				C91AF8372D6B9A17007503DE /* DetailsViewModel.swift */,
			);
			path = ViewModel;
			sourceTree = "<group>";
		};
		C91AF8302D6B85D3007503DE /* View */ = {
			isa = PBXGroup;
			children = (
				C91AF8312D6B8602007503DE /* ListView.swift */,
				C91AF8332D6B8949007503DE /* ProfessionalView.swift */,
				C91AF8352D6B99E5007503DE /* DetailsView.swift */,
			);
			path = View;
			sourceTree = "<group>";
		};
		C91AF83C2D6CDC12007503DE /* Error */ = {
			isa = PBXGroup;
			children = (
				C938C6052D6A53CB00557AFD /* NutritionError.swift */,
			);
			path = Error;
			sourceTree = "<group>";
		};
		C91AF83D2D6CDC1B007503DE /* Localizable */ = {
			isa = PBXGroup;
			children = (
				C91AF8452D6CDD80007503DE /* LocalizableKeys.swift */,
				C91AF83E2D6CDC33007503DE /* Localizable.strings */,
			);
			path = Localizable;
			sourceTree = "<group>";
		};
		C91AF8422D6CDCEA007503DE /* Extension */ = {
			isa = PBXGroup;
			children = (
				C91AF8432D6CDCFC007503DE /* String+Extension.swift */,
			);
			path = Extension;
			sourceTree = "<group>";
		};
		C91AF8472D6CE0E2007503DE /* UI */ = {
			isa = PBXGroup;
			children = (
				C91AF8482D6CE0EC007503DE /* UIConstants.swift */,
			);
			path = UI;
			sourceTree = "<group>";
		};
		C91AF84E2D6CFFA5007503DE /* Mock */ = {
			isa = PBXGroup;
			children = (
				C91AF84A2D6CFCC9007503DE /* MockNetworkManager.swift */,
				C91AF84F2D6CFFBB007503DE /* MockProfessionals.swift */,
			);
			path = Mock;
			sourceTree = "<group>";
		};
		C938C5C52D6A44C700557AFD = {
			isa = PBXGroup;
			children = (
				C938C5D02D6A44C700557AFD /* NutritionAppointmentSearch */,
				C938C5E12D6A44CB00557AFD /* NutritionAppointmentSearchTests */,
				C938C5EB2D6A44CB00557AFD /* NutritionAppointmentSearchUITests */,
				C938C5CF2D6A44C700557AFD /* Products */,
			);
			sourceTree = "<group>";
		};
		C938C5CF2D6A44C700557AFD /* Products */ = {
			isa = PBXGroup;
			children = (
				C938C5CE2D6A44C700557AFD /* NutritionAppointmentSearch.app */,
				C938C5DE2D6A44CB00557AFD /* NutritionAppointmentSearchTests.xctest */,
				C938C5E82D6A44CB00557AFD /* NutritionAppointmentSearchUITests.xctest */,
			);
			name = Products;
			sourceTree = "<group>";
		};
		C938C5D02D6A44C700557AFD /* NutritionAppointmentSearch */ = {
			isa = PBXGroup;
			children = (
				C938C5D12D6A44C700557AFD /* NutritionAppointmentSearchApp.swift */,
				C938C5D52D6A44CB00557AFD /* Assets.xcassets */,
				C938C5FD2D6A51A900557AFD /* Model */,
				C91AF82D2D6B81C9007503DE /* ViewModel */,
				C91AF8302D6B85D3007503DE /* View */,
				C938C5FE2D6A520F00557AFD /* Network */,
				C91AF82A2D6B7797007503DE /* Cache */,
				C938C6042D6A53BE00557AFD /* Helpers */,
				C938C5D72D6A44CB00557AFD /* Preview Content */,
			);
			path = NutritionAppointmentSearch;
			sourceTree = "<group>";
		};
		C938C5D72D6A44CB00557AFD /* Preview Content */ = {
			isa = PBXGroup;
			children = (
				C938C5D82D6A44CB00557AFD /* Preview Assets.xcassets */,
			);
			path = "Preview Content";
			sourceTree = "<group>";
		};
		C938C5E12D6A44CB00557AFD /* NutritionAppointmentSearchTests */ = {
			isa = PBXGroup;
			children = (
				C91AF84E2D6CFFA5007503DE /* Mock */,
				C91AF84C2D6CFD23007503DE /* ProfessionalListViewModelTests.swift */,
				C91AF8532D6D04F9007503DE /* ProfessionalDetailViewModelTests.swift */,
				C91AF8552D6D0665007503DE /* CacheManagerTests.swift */,
			);
			path = NutritionAppointmentSearchTests;
			sourceTree = "<group>";
		};
		C938C5EB2D6A44CB00557AFD /* NutritionAppointmentSearchUITests */ = {
			isa = PBXGroup;
			children = (
				C938C5EC2D6A44CB00557AFD /* NutritionAppointmentSearchUITests.swift */,
				C938C5EE2D6A44CB00557AFD /* NutritionAppointmentSearchUITestsLaunchTests.swift */,
			);
			path = NutritionAppointmentSearchUITests;
			sourceTree = "<group>";
		};
		C938C5FD2D6A51A900557AFD /* Model */ = {
			isa = PBXGroup;
			children = (
				C938C5FB2D6A51A500557AFD /* Professionals.swift */,
				C938C6072D6A55C300557AFD /* Details.swift */,
			);
			path = Model;
			sourceTree = "<group>";
		};
		C938C5FE2D6A520F00557AFD /* Network */ = {
			isa = PBXGroup;
			children = (
				C938C6012D6A526C00557AFD /* Endpoint */,
				C938C5FF2D6A522000557AFD /* NetworkManager.swift */,
			);
			path = Network;
			sourceTree = "<group>";
		};
		C938C6012D6A526C00557AFD /* Endpoint */ = {
			isa = PBXGroup;
			children = (
				C938C6022D6A527900557AFD /* Endpoint.swift */,
			);
			path = Endpoint;
			sourceTree = "<group>";
		};
		C938C6042D6A53BE00557AFD /* Helpers */ = {
			isa = PBXGroup;
			children = (
				C91AF8472D6CE0E2007503DE /* UI */,
				C91AF8422D6CDCEA007503DE /* Extension */,
				C91AF83D2D6CDC1B007503DE /* Localizable */,
				C91AF83C2D6CDC12007503DE /* Error */,
			);
			path = Helpers;
			sourceTree = "<group>";
		};
/* End PBXGroup section */

/* Begin PBXNativeTarget section */
		C938C5CD2D6A44C700557AFD /* NutritionAppointmentSearch */ = {
			isa = PBXNativeTarget;
			buildConfigurationList = C938C5F22D6A44CB00557AFD /* Build configuration list for PBXNativeTarget "NutritionAppointmentSearch" */;
			buildPhases = (
				C938C5CA2D6A44C700557AFD /* Sources */,
				C938C5CB2D6A44C700557AFD /* Frameworks */,
				C938C5CC2D6A44C700557AFD /* Resources */,
			);
			buildRules = (
			);
			dependencies = (
			);
			name = NutritionAppointmentSearch;
			packageProductDependencies = (
			);
			productName = NutritionAppointmentSearch;
			productReference = C938C5CE2D6A44C700557AFD /* NutritionAppointmentSearch.app */;
			productType = "com.apple.product-type.application";
		};
		C938C5DD2D6A44CB00557AFD /* NutritionAppointmentSearchTests */ = {
			isa = PBXNativeTarget;
			buildConfigurationList = C938C5F52D6A44CB00557AFD /* Build configuration list for PBXNativeTarget "NutritionAppointmentSearchTests" */;
			buildPhases = (
				C938C5DA2D6A44CB00557AFD /* Sources */,
				C938C5DB2D6A44CB00557AFD /* Frameworks */,
				C938C5DC2D6A44CB00557AFD /* Resources */,
			);
			buildRules = (
			);
			dependencies = (
				C938C5E02D6A44CB00557AFD /* PBXTargetDependency */,
			);
			name = NutritionAppointmentSearchTests;
			productName = NutritionAppointmentSearchTests;
			productReference = C938C5DE2D6A44CB00557AFD /* NutritionAppointmentSearchTests.xctest */;
			productType = "com.apple.product-type.bundle.unit-test";
		};
		C938C5E72D6A44CB00557AFD /* NutritionAppointmentSearchUITests */ = {
			isa = PBXNativeTarget;
			buildConfigurationList = C938C5F82D6A44CB00557AFD /* Build configuration list for PBXNativeTarget "NutritionAppointmentSearchUITests" */;
			buildPhases = (
				C938C5E42D6A44CB00557AFD /* Sources */,
				C938C5E52D6A44CB00557AFD /* Frameworks */,
				C938C5E62D6A44CB00557AFD /* Resources */,
			);
			buildRules = (
			);
			dependencies = (
				C938C5EA2D6A44CB00557AFD /* PBXTargetDependency */,
			);
			name = NutritionAppointmentSearchUITests;
			productName = NutritionAppointmentSearchUITests;
			productReference = C938C5E82D6A44CB00557AFD /* NutritionAppointmentSearchUITests.xctest */;
			productType = "com.apple.product-type.bundle.ui-testing";
		};
/* End PBXNativeTarget section */

/* Begin PBXProject section */
		C938C5C62D6A44C700557AFD /* Project object */ = {
			isa = PBXProject;
			attributes = {
				BuildIndependentTargetsInParallel = 1;
				LastSwiftUpdateCheck = 1540;
				LastUpgradeCheck = 1540;
				TargetAttributes = {
					C938C5CD2D6A44C700557AFD = {
						CreatedOnToolsVersion = 15.4;
					};
					C938C5DD2D6A44CB00557AFD = {
						CreatedOnToolsVersion = 15.4;
						TestTargetID = C938C5CD2D6A44C700557AFD;
					};
					C938C5E72D6A44CB00557AFD = {
						CreatedOnToolsVersion = 15.4;
						TestTargetID = C938C5CD2D6A44C700557AFD;
					};
				};
			};
			buildConfigurationList = C938C5C92D6A44C700557AFD /* Build configuration list for PBXProject "NutritionAppointmentSearch" */;
			compatibilityVersion = "Xcode 14.0";
			developmentRegion = en;
			hasScannedForEncodings = 0;
			knownRegions = (
				en,
				Base,
				"pt-PT",
			);
			mainGroup = C938C5C52D6A44C700557AFD;
			packageReferences = (
			);
			productRefGroup = C938C5CF2D6A44C700557AFD /* Products */;
			projectDirPath = "";
			projectRoot = "";
			targets = (
				C938C5CD2D6A44C700557AFD /* NutritionAppointmentSearch */,
				C938C5DD2D6A44CB00557AFD /* NutritionAppointmentSearchTests */,
				C938C5E72D6A44CB00557AFD /* NutritionAppointmentSearchUITests */,
			);
		};
/* End PBXProject section */

/* Begin PBXResourcesBuildPhase section */
		C938C5CC2D6A44C700557AFD /* Resources */ = {
			isa = PBXResourcesBuildPhase;
			buildActionMask = 2147483647;
			files = (
				C938C5D92D6A44CB00557AFD /* Preview Assets.xcassets in Resources */,
				C91AF8402D6CDC33007503DE /* Localizable.strings in Resources */,
				C938C5D62D6A44CB00557AFD /* Assets.xcassets in Resources */,
			);
			runOnlyForDeploymentPostprocessing = 0;
		};
		C938C5DC2D6A44CB00557AFD /* Resources */ = {
			isa = PBXResourcesBuildPhase;
			buildActionMask = 2147483647;
			files = (
			);
			runOnlyForDeploymentPostprocessing = 0;
		};
		C938C5E62D6A44CB00557AFD /* Resources */ = {
			isa = PBXResourcesBuildPhase;
			buildActionMask = 2147483647;
			files = (
			);
			runOnlyForDeploymentPostprocessing = 0;
		};
/* End PBXResourcesBuildPhase section */

/* Begin PBXSourcesBuildPhase section */
		C938C5CA2D6A44C700557AFD /* Sources */ = {
			isa = PBXSourcesBuildPhase;
			buildActionMask = 2147483647;
			files = (
				C91AF8342D6B8949007503DE /* ProfessionalView.swift in Sources */,
				C938C6002D6A522000557AFD /* NetworkManager.swift in Sources */,
				C91AF8492D6CE0EC007503DE /* UIConstants.swift in Sources */,
				C938C5FC2D6A51A500557AFD /* Professionals.swift in Sources */,
				C91AF8322D6B8602007503DE /* ListView.swift in Sources */,
				C938C5D22D6A44C700557AFD /* NutritionAppointmentSearchApp.swift in Sources */,
				C91AF8362D6B99E5007503DE /* DetailsView.swift in Sources */,
				C91AF8442D6CDCFC007503DE /* String+Extension.swift in Sources */,
				C91AF82C2D6B77A7007503DE /* CacheManager.swift in Sources */,
				C938C6032D6A527900557AFD /* Endpoint.swift in Sources */,
				C938C6082D6A55C300557AFD /* Details.swift in Sources */,
				C938C6062D6A53CB00557AFD /* NutritionError.swift in Sources */,
				C91AF8382D6B9A17007503DE /* DetailsViewModel.swift in Sources */,
				C91AF8462D6CDD80007503DE /* LocalizableKeys.swift in Sources */,
				C91AF82F2D6B81DE007503DE /* ListViewModel.swift in Sources */,
			);
			runOnlyForDeploymentPostprocessing = 0;
		};
		C938C5DA2D6A44CB00557AFD /* Sources */ = {
			isa = PBXSourcesBuildPhase;
			buildActionMask = 2147483647;
			files = (
				C91AF8542D6D04F9007503DE /* ProfessionalDetailViewModelTests.swift in Sources */,
				C91AF84B2D6CFCC9007503DE /* MockNetworkManager.swift in Sources */,
				C91AF84D2D6CFD23007503DE /* ProfessionalListViewModelTests.swift in Sources */,
				C91AF8562D6D0665007503DE /* CacheManagerTests.swift in Sources */,
				C91AF8502D6CFFBB007503DE /* MockProfessionals.swift in Sources */,
			);
			runOnlyForDeploymentPostprocessing = 0;
		};
		C938C5E42D6A44CB00557AFD /* Sources */ = {
			isa = PBXSourcesBuildPhase;
			buildActionMask = 2147483647;
			files = (
				C938C5ED2D6A44CB00557AFD /* NutritionAppointmentSearchUITests.swift in Sources */,
				C938C5EF2D6A44CB00557AFD /* NutritionAppointmentSearchUITestsLaunchTests.swift in Sources */,
			);
			runOnlyForDeploymentPostprocessing = 0;
		};
/* End PBXSourcesBuildPhase section */

/* Begin PBXTargetDependency section */
		C938C5E02D6A44CB00557AFD /* PBXTargetDependency */ = {
			isa = PBXTargetDependency;
			target = C938C5CD2D6A44C700557AFD /* NutritionAppointmentSearch */;
			targetProxy = C938C5DF2D6A44CB00557AFD /* PBXContainerItemProxy */;
		};
		C938C5EA2D6A44CB00557AFD /* PBXTargetDependency */ = {
			isa = PBXTargetDependency;
			target = C938C5CD2D6A44C700557AFD /* NutritionAppointmentSearch */;
			targetProxy = C938C5E92D6A44CB00557AFD /* PBXContainerItemProxy */;
		};
/* End PBXTargetDependency section */

/* Begin PBXVariantGroup section */
		C91AF83E2D6CDC33007503DE /* Localizable.strings */ = {
			isa = PBXVariantGroup;
			children = (
				C91AF83F2D6CDC33007503DE /* en */,
				C91AF8412D6CDC84007503DE /* pt-PT */,
			);
			name = Localizable.strings;
			sourceTree = "<group>";
		};
/* End PBXVariantGroup section */

/* Begin XCBuildConfiguration section */
		C938C5F02D6A44CB00557AFD /* Debug */ = {
			isa = XCBuildConfiguration;
			buildSettings = {
				ALWAYS_SEARCH_USER_PATHS = NO;
				ASSETCATALOG_COMPILER_GENERATE_SWIFT_ASSET_SYMBOL_EXTENSIONS = YES;
				CLANG_ANALYZER_LOCALIZABILITY_NONLOCALIZED = YES;
				CLANG_ANALYZER_NONNULL = YES;
				CLANG_ANALYZER_NUMBER_OBJECT_CONVERSION = YES_AGGRESSIVE;
				CLANG_CXX_LANGUAGE_STANDARD = "gnu++20";
				CLANG_ENABLE_MODULES = YES;
				CLANG_ENABLE_OBJC_ARC = YES;
				CLANG_ENABLE_OBJC_WEAK = YES;
				CLANG_WARN_BLOCK_CAPTURE_AUTORELEASING = YES;
				CLANG_WARN_BOOL_CONVERSION = YES;
				CLANG_WARN_COMMA = YES;
				CLANG_WARN_CONSTANT_CONVERSION = YES;
				CLANG_WARN_DEPRECATED_OBJC_IMPLEMENTATIONS = YES;
				CLANG_WARN_DIRECT_OBJC_ISA_USAGE = YES_ERROR;
				CLANG_WARN_DOCUMENTATION_COMMENTS = YES;
				CLANG_WARN_EMPTY_BODY = YES;
				CLANG_WARN_ENUM_CONVERSION = YES;
				CLANG_WARN_INFINITE_RECURSION = YES;
				CLANG_WARN_INT_CONVERSION = YES;
				CLANG_WARN_NON_LITERAL_NULL_CONVERSION = YES;
				CLANG_WARN_OBJC_IMPLICIT_RETAIN_SELF = YES;
				CLANG_WARN_OBJC_LITERAL_CONVERSION = YES;
				CLANG_WARN_OBJC_ROOT_CLASS = YES_ERROR;
				CLANG_WARN_QUOTED_INCLUDE_IN_FRAMEWORK_HEADER = YES;
				CLANG_WARN_RANGE_LOOP_ANALYSIS = YES;
				CLANG_WARN_STRICT_PROTOTYPES = YES;
				CLANG_WARN_SUSPICIOUS_MOVE = YES;
				CLANG_WARN_UNGUARDED_AVAILABILITY = YES_AGGRESSIVE;
				CLANG_WARN_UNREACHABLE_CODE = YES;
				CLANG_WARN__DUPLICATE_METHOD_MATCH = YES;
				COPY_PHASE_STRIP = NO;
				DEBUG_INFORMATION_FORMAT = dwarf;
				ENABLE_STRICT_OBJC_MSGSEND = YES;
				ENABLE_TESTABILITY = YES;
				ENABLE_USER_SCRIPT_SANDBOXING = YES;
				GCC_C_LANGUAGE_STANDARD = gnu17;
				GCC_DYNAMIC_NO_PIC = NO;
				GCC_NO_COMMON_BLOCKS = YES;
				GCC_OPTIMIZATION_LEVEL = 0;
				GCC_PREPROCESSOR_DEFINITIONS = (
					"DEBUG=1",
					"$(inherited)",
				);
				GCC_WARN_64_TO_32_BIT_CONVERSION = YES;
				GCC_WARN_ABOUT_RETURN_TYPE = YES_ERROR;
				GCC_WARN_UNDECLARED_SELECTOR = YES;
				GCC_WARN_UNINITIALIZED_AUTOS = YES_AGGRESSIVE;
				GCC_WARN_UNUSED_FUNCTION = YES;
				GCC_WARN_UNUSED_VARIABLE = YES;
				IPHONEOS_DEPLOYMENT_TARGET = 17.5;
				LOCALIZATION_PREFERS_STRING_CATALOGS = YES;
				MTL_ENABLE_DEBUG_INFO = INCLUDE_SOURCE;
				MTL_FAST_MATH = YES;
				ONLY_ACTIVE_ARCH = YES;
				SDKROOT = iphoneos;
				SWIFT_ACTIVE_COMPILATION_CONDITIONS = "DEBUG $(inherited)";
				SWIFT_OPTIMIZATION_LEVEL = "-Onone";
			};
			name = Debug;
		};
		C938C5F12D6A44CB00557AFD /* Release */ = {
			isa = XCBuildConfiguration;
			buildSettings = {
				ALWAYS_SEARCH_USER_PATHS = NO;
				ASSETCATALOG_COMPILER_GENERATE_SWIFT_ASSET_SYMBOL_EXTENSIONS = YES;
				CLANG_ANALYZER_LOCALIZABILITY_NONLOCALIZED = YES;
				CLANG_ANALYZER_NONNULL = YES;
				CLANG_ANALYZER_NUMBER_OBJECT_CONVERSION = YES_AGGRESSIVE;
				CLANG_CXX_LANGUAGE_STANDARD = "gnu++20";
				CLANG_ENABLE_MODULES = YES;
				CLANG_ENABLE_OBJC_ARC = YES;
				CLANG_ENABLE_OBJC_WEAK = YES;
				CLANG_WARN_BLOCK_CAPTURE_AUTORELEASING = YES;
				CLANG_WARN_BOOL_CONVERSION = YES;
				CLANG_WARN_COMMA = YES;
				CLANG_WARN_CONSTANT_CONVERSION = YES;
				CLANG_WARN_DEPRECATED_OBJC_IMPLEMENTATIONS = YES;
				CLANG_WARN_DIRECT_OBJC_ISA_USAGE = YES_ERROR;
				CLANG_WARN_DOCUMENTATION_COMMENTS = YES;
				CLANG_WARN_EMPTY_BODY = YES;
				CLANG_WARN_ENUM_CONVERSION = YES;
				CLANG_WARN_INFINITE_RECURSION = YES;
				CLANG_WARN_INT_CONVERSION = YES;
				CLANG_WARN_NON_LITERAL_NULL_CONVERSION = YES;
				CLANG_WARN_OBJC_IMPLICIT_RETAIN_SELF = YES;
				CLANG_WARN_OBJC_LITERAL_CONVERSION = YES;
				CLANG_WARN_OBJC_ROOT_CLASS = YES_ERROR;
				CLANG_WARN_QUOTED_INCLUDE_IN_FRAMEWORK_HEADER = YES;
				CLANG_WARN_RANGE_LOOP_ANALYSIS = YES;
				CLANG_WARN_STRICT_PROTOTYPES = YES;
				CLANG_WARN_SUSPICIOUS_MOVE = YES;
				CLANG_WARN_UNGUARDED_AVAILABILITY = YES_AGGRESSIVE;
				CLANG_WARN_UNREACHABLE_CODE = YES;
				CLANG_WARN__DUPLICATE_METHOD_MATCH = YES;
				COPY_PHASE_STRIP = NO;
				DEBUG_INFORMATION_FORMAT = "dwarf-with-dsym";
				ENABLE_NS_ASSERTIONS = NO;
				ENABLE_STRICT_OBJC_MSGSEND = YES;
				ENABLE_USER_SCRIPT_SANDBOXING = YES;
				GCC_C_LANGUAGE_STANDARD = gnu17;
				GCC_NO_COMMON_BLOCKS = YES;
				GCC_WARN_64_TO_32_BIT_CONVERSION = YES;
				GCC_WARN_ABOUT_RETURN_TYPE = YES_ERROR;
				GCC_WARN_UNDECLARED_SELECTOR = YES;
				GCC_WARN_UNINITIALIZED_AUTOS = YES_AGGRESSIVE;
				GCC_WARN_UNUSED_FUNCTION = YES;
				GCC_WARN_UNUSED_VARIABLE = YES;
				IPHONEOS_DEPLOYMENT_TARGET = 17.5;
				LOCALIZATION_PREFERS_STRING_CATALOGS = YES;
				MTL_ENABLE_DEBUG_INFO = NO;
				MTL_FAST_MATH = YES;
				SDKROOT = iphoneos;
				SWIFT_COMPILATION_MODE = wholemodule;
				VALIDATE_PRODUCT = YES;
			};
			name = Release;
		};
		C938C5F32D6A44CB00557AFD /* Debug */ = {
			isa = XCBuildConfiguration;
			buildSettings = {
				ASSETCATALOG_COMPILER_APPICON_NAME = AppIcon;
				ASSETCATALOG_COMPILER_GLOBAL_ACCENT_COLOR_NAME = AccentColor;
				CODE_SIGN_STYLE = Automatic;
				CURRENT_PROJECT_VERSION = 1;
				DEVELOPMENT_ASSET_PATHS = "\"NutritionAppointmentSearch/Preview Content\"";
				DEVELOPMENT_TEAM = X4637C63ZD;
				ENABLE_PREVIEWS = YES;
				GENERATE_INFOPLIST_FILE = YES;
				INFOPLIST_KEY_UIApplicationSceneManifest_Generation = YES;
				INFOPLIST_KEY_UIApplicationSupportsIndirectInputEvents = YES;
				INFOPLIST_KEY_UILaunchScreen_Generation = YES;
				INFOPLIST_KEY_UISupportedInterfaceOrientations_iPad = "UIInterfaceOrientationPortrait UIInterfaceOrientationPortraitUpsideDown UIInterfaceOrientationLandscapeLeft UIInterfaceOrientationLandscapeRight";
				INFOPLIST_KEY_UISupportedInterfaceOrientations_iPhone = "UIInterfaceOrientationPortrait UIInterfaceOrientationLandscapeLeft UIInterfaceOrientationLandscapeRight";
				LD_RUNPATH_SEARCH_PATHS = (
					"$(inherited)",
					"@executable_path/Frameworks",
				);
				MARKETING_VERSION = 1.0;
				PRODUCT_BUNDLE_IDENTIFIER = MrShishioMakoto.NutritionAppointmentSearch;
				PRODUCT_NAME = "$(TARGET_NAME)";
				SWIFT_EMIT_LOC_STRINGS = YES;
				SWIFT_VERSION = 5.0;
				TARGETED_DEVICE_FAMILY = "1,2";
			};
			name = Debug;
		};
		C938C5F42D6A44CB00557AFD /* Release */ = {
			isa = XCBuildConfiguration;
			buildSettings = {
				ASSETCATALOG_COMPILER_APPICON_NAME = AppIcon;
				ASSETCATALOG_COMPILER_GLOBAL_ACCENT_COLOR_NAME = AccentColor;
				CODE_SIGN_STYLE = Automatic;
				CURRENT_PROJECT_VERSION = 1;
				DEVELOPMENT_ASSET_PATHS = "\"NutritionAppointmentSearch/Preview Content\"";
				DEVELOPMENT_TEAM = X4637C63ZD;
				ENABLE_PREVIEWS = YES;
				GENERATE_INFOPLIST_FILE = YES;
				INFOPLIST_KEY_UIApplicationSceneManifest_Generation = YES;
				INFOPLIST_KEY_UIApplicationSupportsIndirectInputEvents = YES;
				INFOPLIST_KEY_UILaunchScreen_Generation = YES;
				INFOPLIST_KEY_UISupportedInterfaceOrientations_iPad = "UIInterfaceOrientationPortrait UIInterfaceOrientationPortraitUpsideDown UIInterfaceOrientationLandscapeLeft UIInterfaceOrientationLandscapeRight";
				INFOPLIST_KEY_UISupportedInterfaceOrientations_iPhone = "UIInterfaceOrientationPortrait UIInterfaceOrientationLandscapeLeft UIInterfaceOrientationLandscapeRight";
				LD_RUNPATH_SEARCH_PATHS = (
					"$(inherited)",
					"@executable_path/Frameworks",
				);
				MARKETING_VERSION = 1.0;
				PRODUCT_BUNDLE_IDENTIFIER = MrShishioMakoto.NutritionAppointmentSearch;
				PRODUCT_NAME = "$(TARGET_NAME)";
				SWIFT_EMIT_LOC_STRINGS = YES;
				SWIFT_VERSION = 5.0;
				TARGETED_DEVICE_FAMILY = "1,2";
			};
			name = Release;
		};
		C938C5F62D6A44CB00557AFD /* Debug */ = {
			isa = XCBuildConfiguration;
			buildSettings = {
				ALWAYS_EMBED_SWIFT_STANDARD_LIBRARIES = YES;
				BUNDLE_LOADER = "$(TEST_HOST)";
				CODE_SIGN_STYLE = Automatic;
				CURRENT_PROJECT_VERSION = 1;
				DEVELOPMENT_TEAM = X4637C63ZD;
				GENERATE_INFOPLIST_FILE = YES;
				IPHONEOS_DEPLOYMENT_TARGET = 17.5;
				MARKETING_VERSION = 1.0;
				PRODUCT_BUNDLE_IDENTIFIER = MrShishioMakoto.NutritionAppointmentSearchTests;
				PRODUCT_NAME = "$(TARGET_NAME)";
				SWIFT_EMIT_LOC_STRINGS = NO;
				SWIFT_VERSION = 5.0;
				TARGETED_DEVICE_FAMILY = "1,2";
				TEST_HOST = "$(BUILT_PRODUCTS_DIR)/NutritionAppointmentSearch.app/$(BUNDLE_EXECUTABLE_FOLDER_PATH)/NutritionAppointmentSearch";
			};
			name = Debug;
		};
		C938C5F72D6A44CB00557AFD /* Release */ = {
			isa = XCBuildConfiguration;
			buildSettings = {
				ALWAYS_EMBED_SWIFT_STANDARD_LIBRARIES = YES;
				BUNDLE_LOADER = "$(TEST_HOST)";
				CODE_SIGN_STYLE = Automatic;
				CURRENT_PROJECT_VERSION = 1;
				DEVELOPMENT_TEAM = X4637C63ZD;
				GENERATE_INFOPLIST_FILE = YES;
				IPHONEOS_DEPLOYMENT_TARGET = 17.5;
				MARKETING_VERSION = 1.0;
				PRODUCT_BUNDLE_IDENTIFIER = MrShishioMakoto.NutritionAppointmentSearchTests;
				PRODUCT_NAME = "$(TARGET_NAME)";
				SWIFT_EMIT_LOC_STRINGS = NO;
				SWIFT_VERSION = 5.0;
				TARGETED_DEVICE_FAMILY = "1,2";
				TEST_HOST = "$(BUILT_PRODUCTS_DIR)/NutritionAppointmentSearch.app/$(BUNDLE_EXECUTABLE_FOLDER_PATH)/NutritionAppointmentSearch";
			};
			name = Release;
		};
		C938C5F92D6A44CB00557AFD /* Debug */ = {
			isa = XCBuildConfiguration;
			buildSettings = {
				ALWAYS_EMBED_SWIFT_STANDARD_LIBRARIES = YES;
				CODE_SIGN_STYLE = Automatic;
				CURRENT_PROJECT_VERSION = 1;
				DEVELOPMENT_TEAM = X4637C63ZD;
				GENERATE_INFOPLIST_FILE = YES;
				MARKETING_VERSION = 1.0;
				PRODUCT_BUNDLE_IDENTIFIER = MrShishioMakoto.NutritionAppointmentSearchUITests;
				PRODUCT_NAME = "$(TARGET_NAME)";
				SWIFT_EMIT_LOC_STRINGS = NO;
				SWIFT_VERSION = 5.0;
				TARGETED_DEVICE_FAMILY = "1,2";
				TEST_TARGET_NAME = NutritionAppointmentSearch;
			};
			name = Debug;
		};
		C938C5FA2D6A44CB00557AFD /* Release */ = {
			isa = XCBuildConfiguration;
			buildSettings = {
				ALWAYS_EMBED_SWIFT_STANDARD_LIBRARIES = YES;
				CODE_SIGN_STYLE = Automatic;
				CURRENT_PROJECT_VERSION = 1;
				DEVELOPMENT_TEAM = X4637C63ZD;
				GENERATE_INFOPLIST_FILE = YES;
				MARKETING_VERSION = 1.0;
				PRODUCT_BUNDLE_IDENTIFIER = MrShishioMakoto.NutritionAppointmentSearchUITests;
				PRODUCT_NAME = "$(TARGET_NAME)";
				SWIFT_EMIT_LOC_STRINGS = NO;
				SWIFT_VERSION = 5.0;
				TARGETED_DEVICE_FAMILY = "1,2";
				TEST_TARGET_NAME = NutritionAppointmentSearch;
			};
			name = Release;
		};
/* End XCBuildConfiguration section */

/* Begin XCConfigurationList section */
		C938C5C92D6A44C700557AFD /* Build configuration list for PBXProject "NutritionAppointmentSearch" */ = {
			isa = XCConfigurationList;
			buildConfigurations = (
				C938C5F02D6A44CB00557AFD /* Debug */,
				C938C5F12D6A44CB00557AFD /* Release */,
			);
			defaultConfigurationIsVisible = 0;
			defaultConfigurationName = Release;
		};
		C938C5F22D6A44CB00557AFD /* Build configuration list for PBXNativeTarget "NutritionAppointmentSearch" */ = {
			isa = XCConfigurationList;
			buildConfigurations = (
				C938C5F32D6A44CB00557AFD /* Debug */,
				C938C5F42D6A44CB00557AFD /* Release */,
			);
			defaultConfigurationIsVisible = 0;
			defaultConfigurationName = Release;
		};
		C938C5F52D6A44CB00557AFD /* Build configuration list for PBXNativeTarget "NutritionAppointmentSearchTests" */ = {
			isa = XCConfigurationList;
			buildConfigurations = (
				C938C5F62D6A44CB00557AFD /* Debug */,
				C938C5F72D6A44CB00557AFD /* Release */,
			);
			defaultConfigurationIsVisible = 0;
			defaultConfigurationName = Release;
		};
		C938C5F82D6A44CB00557AFD /* Build configuration list for PBXNativeTarget "NutritionAppointmentSearchUITests" */ = {
			isa = XCConfigurationList;
			buildConfigurations = (
				C938C5F92D6A44CB00557AFD /* Debug */,
				C938C5FA2D6A44CB00557AFD /* Release */,
			);
			defaultConfigurationIsVisible = 0;
			defaultConfigurationName = Release;
		};
/* End XCConfigurationList section */
	};
	rootObject = C938C5C62D6A44C700557AFD /* Project object */;
}
